
Microsoft Visual Studio Solution File, Format Version 12.00
# Visual Studio Version 17
VisualStudioVersion = 17.9.34728.123
MinimumVisualStudioVersion = 10.0.40219.1
Project("{FAE04EC0-301F-11D3-BF4B-00C04F79EFBC}") = "PCCO104L.Activity.7", "PCCO104L.Activity.7\PCCO104L.Activity.7.csproj", "{2F0C73B6-CE46-46F4-8900-4CDC9055531D}"
EndProject
Global
	GlobalSection(SolutionConfigurationPlatforms) = preSolution
		Debug|Any CPU = Debug|Any CPU
		Release|Any CPU = Release|Any CPU
	EndGlobalSection
	GlobalSection(ProjectConfigurationPlatforms) = postSolution
		{2F0C73B6-CE46-46F4-8900-4CDC9055531D}.Debug|Any CPU.ActiveCfg = Debug|Any CPU
		{2F0C73B6-CE46-46F4-8900-4CDC9055531D}.Debug|Any CPU.Build.0 = Debug|Any CPU
		{2F0C73B6-CE46-46F4-8900-4CDC9055531D}.Release|Any CPU.ActiveCfg = Release|Any CPU
		{2F0C73B6-CE46-46F4-8900-4CDC9055531D}.Release|Any CPU.Build.0 = Release|Any CPU
	EndGlobalSection
	GlobalSection(SolutionProperties) = preSolution
		HideSolutionNode = FALSE
	EndGlobalSection
	GlobalSection(ExtensibilityGlobals) = postSolution
		SolutionGuid = {9F2731AC-75BD-4B0C-810B-EF6F08257BC5}
	EndGlobalSection
EndGlobal
